<Solution>
  <Folder Name="/apps/" />
  <Folder Name="/apps/api/">
    <Project Path="apps/api/EasyCob.Api.csproj" />
    <Project Path="apps/api/EasyCob.Core/EasyCob.Core.csproj" />
  </Folder>
  <Folder Name="/apps/worker/">
    <Project Path="apps/worker/EasyCob.Worker.csproj" />
  </Folder>
  <Folder Name="/tests/" />
  <Folder Name="/tests/architecture/">
    <Project Path="tests/architecture/EasyCob.ArchitectureTests.csproj" />
  </Folder>
  <Folder Name="/tests/integration/">
    <Project Path="tests/integration/EasyCob.IntegrationTests.csproj" />
  </Folder>
</Solution>
